
Microsoft Visual Studio Solution File, Format Version 12.00
# Visual Studio Version 16
VisualStudioVersion = 16.0.31702.278
MinimumVisualStudioVersion = 10.0.40219.1
Project("{FAE04EC0-301F-11D3-BF4B-00C04F79EFBC}") = "Exercice1", "Exercice1\Exercice1.csproj", "{1BC59BFD-EA26-4F3C-B36E-73C5C6AF1606}"
EndProject
Global
	GlobalSection(SolutionConfigurationPlatforms) = preSolution
		Debug|Any CPU = Debug|Any CPU
		Release|Any CPU = Release|Any CPU
	EndGlobalSection
	GlobalSection(ProjectConfigurationPlatforms) = postSolution
		{1BC59BFD-EA26-4F3C-B36E-73C5C6AF1606}.Debug|Any CPU.ActiveCfg = Debug|Any CPU
		{1BC59BFD-EA26-4F3C-B36E-73C5C6AF1606}.Debug|Any CPU.Build.0 = Debug|Any CPU
		{1BC59BFD-EA26-4F3C-B36E-73C5C6AF1606}.Release|Any CPU.ActiveCfg = Release|Any CPU
		{1BC59BFD-EA26-4F3C-B36E-73C5C6AF1606}.Release|Any CPU.Build.0 = Release|Any CPU
	EndGlobalSection
	GlobalSection(SolutionProperties) = preSolution
		HideSolutionNode = FALSE
	EndGlobalSection
	GlobalSection(ExtensibilityGlobals) = postSolution
		SolutionGuid = {BFC38AB8-FBBF-4D7D-ACEA-65F815A63C43}
	EndGlobalSection
EndGlobal
